
Microsoft Visual Studio Solution File, Format Version 12.00
# Visual Studio Version 16
VisualStudioVersion = 16.0.30204.135
MinimumVisualStudioVersion = 10.0.40219.1
Project("{FAE04EC0-301F-11D3-BF4B-00C04F79EFBC}") = "UdemyCsharpIntermediateConsoleApp", "UdemyCsharpIntermediateConsoleApp\UdemyCsharpIntermediateConsoleApp.csproj", "{C3437C7C-9A9A-4836-B563-596FBC78D4E2}"
EndProject
Global
	GlobalSection(SolutionConfigurationPlatforms) = preSolution
		Debug|Any CPU = Debug|Any CPU
		Release|Any CPU = Release|Any CPU
	EndGlobalSection
	GlobalSection(ProjectConfigurationPlatforms) = postSolution
		{C3437C7C-9A9A-4836-B563-596FBC78D4E2}.Debug|Any CPU.ActiveCfg = Debug|Any CPU
		{C3437C7C-9A9A-4836-B563-596FBC78D4E2}.Debug|Any CPU.Build.0 = Debug|Any CPU
		{C3437C7C-9A9A-4836-B563-596FBC78D4E2}.Release|Any CPU.ActiveCfg = Release|Any CPU
		{C3437C7C-9A9A-4836-B563-596FBC78D4E2}.Release|Any CPU.Build.0 = Release|Any CPU
	EndGlobalSection
	GlobalSection(SolutionProperties) = preSolution
		HideSolutionNode = FALSE
	EndGlobalSection
	GlobalSection(ExtensibilityGlobals) = postSolution
		SolutionGuid = {8534B89B-304E-4D9B-8B7E-BAA586879177}
	EndGlobalSection
EndGlobal
